// !$*UTF8*$!
{
	archiveVersion = 1;
	classes = {
	};
	objectVersion = 56;
	objects = {

/* Begin PBXBuildFile section */
		D8EC39639A58F0D93A9825D3 /* Pods_UIContextMenuInteractionPractice.framework in Frameworks */ = {isa = PBXBuildFile; fileRef = C67E3411D5078523DE4E1C1B /* Pods_UIContextMenuInteractionPractice.framework */; };
		EB44924A2A5FEC6E001B01CB /* AppDelegate.swift in Sources */ = {isa = PBXBuildFile; fileRef = EB4492492A5FEC6E001B01CB /* AppDelegate.swift */; };
		EB44924C2A5FEC6E001B01CB /* SceneDelegate.swift in Sources */ = {isa = PBXBuildFile; fileRef = EB44924B2A5FEC6E001B01CB /* SceneDelegate.swift */; };
		EB44924E2A5FEC6E001B01CB /* ViewController.swift in Sources */ = {isa = PBXBuildFile; fileRef = EB44924D2A5FEC6E001B01CB /* ViewController.swift */; };
		EB4492532A5FEC6F001B01CB /* Assets.xcassets in Resources */ = {isa = PBXBuildFile; fileRef = EB4492522A5FEC6F001B01CB /* Assets.xcassets */; };
		EB4492562A5FEC6F001B01CB /* LaunchScreen.storyboard in Resources */ = {isa = PBXBuildFile; fileRef = EB4492542A5FEC6F001B01CB /* LaunchScreen.storyboard */; };
/* End PBXBuildFile section */

/* Begin PBXFileReference section */
		A5B034D061EE5A426800A561 /* Pods-UIContextMenuInteractionPractice.release.xcconfig */ = {isa = PBXFileReference; includeInIndex = 1; lastKnownFileType = text.xcconfig; name = "Pods-UIContextMenuInteractionPractice.release.xcconfig"; path = "Target Support Files/Pods-UIContextMenuInteractionPractice/Pods-UIContextMenuInteractionPractice.release.xcconfig"; sourceTree = "<group>"; };
		BEC7A932A93663927A5FE0F7 /* Pods-UIContextMenuInteractionPractice.debug.xcconfig */ = {isa = PBXFileReference; includeInIndex = 1; lastKnownFileType = text.xcconfig; name = "Pods-UIContextMenuInteractionPractice.debug.xcconfig"; path = "Target Support Files/Pods-UIContextMenuInteractionPractice/Pods-UIContextMenuInteractionPractice.debug.xcconfig"; sourceTree = "<group>"; };
		C67E3411D5078523DE4E1C1B /* Pods_UIContextMenuInteractionPractice.framework */ = {isa = PBXFileReference; explicitFileType = wrapper.framework; includeInIndex = 0; path = Pods_UIContextMenuInteractionPractice.framework; sourceTree = BUILT_PRODUCTS_DIR; };
		EB4492462A5FEC6E001B01CB /* UIContextMenuInteractionPractice.app */ = {isa = PBXFileReference; explicitFileType = wrapper.application; includeInIndex = 0; path = UIContextMenuInteractionPractice.app; sourceTree = BUILT_PRODUCTS_DIR; };
		EB4492492A5FEC6E001B01CB /* AppDelegate.swift */ = {isa = PBXFileReference; lastKnownFileType = sourcecode.swift; path = AppDelegate.swift; sourceTree = "<group>"; };
		EB44924B2A5FEC6E001B01CB /* SceneDelegate.swift */ = {isa = PBXFileReference; lastKnownFileType = sourcecode.swift; path = SceneDelegate.swift; sourceTree = "<group>"; };
		EB44924D2A5FEC6E001B01CB /* ViewController.swift */ = {isa = PBXFileReference; lastKnownFileType = sourcecode.swift; path = ViewController.swift; sourceTree = "<group>"; };
		EB4492522A5FEC6F001B01CB /* Assets.xcassets */ = {isa = PBXFileReference; lastKnownFileType = folder.assetcatalog; path = Assets.xcassets; sourceTree = "<group>"; };
		EB4492552A5FEC6F001B01CB /* Base */ = {isa = PBXFileReference; lastKnownFileType = file.storyboard; name = Base; path = Base.lproj/LaunchScreen.storyboard; sourceTree = "<group>"; };
		EB4492572A5FEC6F001B01CB /* Info.plist */ = {isa = PBXFileReference; lastKnownFileType = text.plist.xml; path = Info.plist; sourceTree = "<group>"; };
/* End PBXFileReference section */

/* Begin PBXFrameworksBuildPhase section */
		EB4492432A5FEC6E001B01CB /* Frameworks */ = {
			isa = PBXFrameworksBuildPhase;
			buildActionMask = 2147483647;
			files = (
				D8EC39639A58F0D93A9825D3 /* Pods_UIContextMenuInteractionPractice.framework in Frameworks */,
			);
			runOnlyForDeploymentPostprocessing = 0;
		};
/* End PBXFrameworksBuildPhase section */

/* Begin PBXGroup section */
		3BA6E8DAC0398F68295A6696 /* Pods */ = {
			isa = PBXGroup;
			children = (
				BEC7A932A93663927A5FE0F7 /* Pods-UIContextMenuInteractionPractice.debug.xcconfig */,
				A5B034D061EE5A426800A561 /* Pods-UIContextMenuInteractionPractice.release.xcconfig */,
			);
			path = Pods;
			sourceTree = "<group>";
		};
		C44B334BF93F2312E774AFA0 /* Frameworks */ = {
			isa = PBXGroup;
			children = (
				C67E3411D5078523DE4E1C1B /* Pods_UIContextMenuInteractionPractice.framework */,
			);
			name = Frameworks;
			sourceTree = "<group>";
		};
		EB44923D2A5FEC6E001B01CB = {
			isa = PBXGroup;
			children = (
				EB4492482A5FEC6E001B01CB /* UIContextMenuInteractionPractice */,
				EB4492472A5FEC6E001B01CB /* Products */,
				3BA6E8DAC0398F68295A6696 /* Pods */,
				C44B334BF93F2312E774AFA0 /* Frameworks */,
			);
			sourceTree = "<group>";
		};
		EB4492472A5FEC6E001B01CB /* Products */ = {
			isa = PBXGroup;
			children = (
				EB4492462A5FEC6E001B01CB /* UIContextMenuInteractionPractice.app */,
			);
			name = Products;
			sourceTree = "<group>";
		};
		EB4492482A5FEC6E001B01CB /* UIContextMenuInteractionPractice */ = {
			isa = PBXGroup;
			children = (
				EB4492542A5FEC6F001B01CB /* LaunchScreen.storyboard */,
				EB4492492A5FEC6E001B01CB /* AppDelegate.swift */,
				EB44924B2A5FEC6E001B01CB /* SceneDelegate.swift */,
				EB44924D2A5FEC6E001B01CB /* ViewController.swift */,
				EB4492522A5FEC6F001B01CB /* Assets.xcassets */,
				EB4492572A5FEC6F001B01CB /* Info.plist */,
			);
			path = UIContextMenuInteractionPractice;
			sourceTree = "<group>";
		};
/* End PBXGroup section */

/* Begin PBXNativeTarget section */
		EB4492452A5FEC6E001B01CB /* UIContextMenuInteractionPractice */ = {
			isa = PBXNativeTarget;
			buildConfigurationList = EB44925A2A5FEC6F001B01CB /* Build configuration list for PBXNativeTarget "UIContextMenuInteractionPractice" */;
			buildPhases = (
				D786C810E21741A0C3879F09 /* [CP] Check Pods Manifest.lock */,
				EB4492422A5FEC6E001B01CB /* Sources */,
				EB4492432A5FEC6E001B01CB /* Frameworks */,
				EB4492442A5FEC6E001B01CB /* Resources */,
				CC5BBCFE97EBC38BAD0AD57F /* [CP] Embed Pods Frameworks */,
			);
			buildRules = (
			);
			dependencies = (
			);
			name = UIContextMenuInteractionPractice;
			productName = UIContextMenuInteractionPractice;
			productReference = EB4492462A5FEC6E001B01CB /* UIContextMenuInteractionPractice.app */;
			productType = "com.apple.product-type.application";
		};
/* End PBXNativeTarget section */

/* Begin PBXProject section */
		EB44923E2A5FEC6E001B01CB /* Project object */ = {
			isa = PBXProject;
			attributes = {
				BuildIndependentTargetsInParallel = 1;
				LastSwiftUpdateCheck = 1430;
				LastUpgradeCheck = 1430;
				TargetAttributes = {
					EB4492452A5FEC6E001B01CB = {
						CreatedOnToolsVersion = 14.3.1;
					};
				};
			};
			buildConfigurationList = EB4492412A5FEC6E001B01CB /* Build configuration list for PBXProject "UIContextMenuInteractionPractice" */;
			compatibilityVersion = "Xcode 14.0";
			developmentRegion = en;
			hasScannedForEncodings = 0;
			knownRegions = (
				en,
				Base,
			);
			mainGroup = EB44923D2A5FEC6E001B01CB;
			productRefGroup = EB4492472A5FEC6E001B01CB /* Products */;
			projectDirPath = "";
			projectRoot = "";
			targets = (
				EB4492452A5FEC6E001B01CB /* UIContextMenuInteractionPractice */,
			);
		};
/* End PBXProject section */

/* Begin PBXResourcesBuildPhase section */
		EB4492442A5FEC6E001B01CB /* Resources */ = {
			isa = PBXResourcesBuildPhase;
			buildActionMask = 2147483647;
			files = (
				EB4492562A5FEC6F001B01CB /* LaunchScreen.storyboard in Resources */,
				EB4492532A5FEC6F001B01CB /* Assets.xcassets in Resources */,
			);
			runOnlyForDeploymentPostprocessing = 0;
		};
/* End PBXResourcesBuildPhase section */

/* Begin PBXShellScriptBuildPhase section */
		CC5BBCFE97EBC38BAD0AD57F /* [CP] Embed Pods Frameworks */ = {
			isa = PBXShellScriptBuildPhase;
			buildActionMask = 2147483647;
			files = (
			);
			inputFileListPaths = (
				"${PODS_ROOT}/Target Support Files/Pods-UIContextMenuInteractionPractice/Pods-UIContextMenuInteractionPractice-frameworks-${CONFIGURATION}-input-files.xcfilelist",
			);
			name = "[CP] Embed Pods Frameworks";
			outputFileListPaths = (
				"${PODS_ROOT}/Target Support Files/Pods-UIContextMenuInteractionPractice/Pods-UIContextMenuInteractionPractice-frameworks-${CONFIGURATION}-output-files.xcfilelist",
			);
			runOnlyForDeploymentPostprocessing = 0;
			shellPath = /bin/sh;
			shellScript = "\"${PODS_ROOT}/Target Support Files/Pods-UIContextMenuInteractionPractice/Pods-UIContextMenuInteractionPractice-frameworks.sh\"\n";
			showEnvVarsInLog = 0;
		};
		D786C810E21741A0C3879F09 /* [CP] Check Pods Manifest.lock */ = {
			isa = PBXShellScriptBuildPhase;
			buildActionMask = 2147483647;
			files = (
			);
			inputFileListPaths = (
			);
			inputPaths = (
				"${PODS_PODFILE_DIR_PATH}/Podfile.lock",
				"${PODS_ROOT}/Manifest.lock",
			);
			name = "[CP] Check Pods Manifest.lock";
			outputFileListPaths = (
			);
			outputPaths = (
				"$(DERIVED_FILE_DIR)/Pods-UIContextMenuInteractionPractice-checkManifestLockResult.txt",
			);
			runOnlyForDeploymentPostprocessing = 0;
			shellPath = /bin/sh;
			shellScript = "diff \"${PODS_PODFILE_DIR_PATH}/Podfile.lock\" \"${PODS_ROOT}/Manifest.lock\" > /dev/null\nif [ $? != 0 ] ; then\n    # print error to STDERR\n    echo \"error: The sandbox is not in sync with the Podfile.lock. Run 'pod install' or update your CocoaPods installation.\" >&2\n    exit 1\nfi\n# This output is used by Xcode 'outputs' to avoid re-running this script phase.\necho \"SUCCESS\" > \"${SCRIPT_OUTPUT_FILE_0}\"\n";
			showEnvVarsInLog = 0;
		};
/* End PBXShellScriptBuildPhase section */

/* Begin PBXSourcesBuildPhase section */
		EB4492422A5FEC6E001B01CB /* Sources */ = {
			isa = PBXSourcesBuildPhase;
			buildActionMask = 2147483647;
			files = (
				EB44924E2A5FEC6E001B01CB /* ViewController.swift in Sources */,
				EB44924A2A5FEC6E001B01CB /* AppDelegate.swift in Sources */,
				EB44924C2A5FEC6E001B01CB /* SceneDelegate.swift in Sources */,
			);
			runOnlyForDeploymentPostprocessing = 0;
		};
/* End PBXSourcesBuildPhase section */

/* Begin PBXVariantGroup section */
		EB4492542A5FEC6F001B01CB /* LaunchScreen.storyboard */ = {
			isa = PBXVariantGroup;
			children = (
				EB4492552A5FEC6F001B01CB /* Base */,
			);
			name = LaunchScreen.storyboard;
			sourceTree = "<group>";
		};
/* End PBXVariantGroup section */

/* Begin XCBuildConfiguration section */
		EB4492582A5FEC6F001B01CB /* Debug */ = {
			isa = XCBuildConfiguration;
			buildSettings = {
				ALWAYS_SEARCH_USER_PATHS = NO;
				CLANG_ANALYZER_NONNULL = YES;
				CLANG_ANALYZER_NUMBER_OBJECT_CONVERSION = YES_AGGRESSIVE;
				CLANG_CXX_LANGUAGE_STANDARD = "gnu++20";
				CLANG_ENABLE_MODULES = YES;
				CLANG_ENABLE_OBJC_ARC = YES;
				CLANG_ENABLE_OBJC_WEAK = YES;
				CLANG_WARN_BLOCK_CAPTURE_AUTORELEASING = YES;
				CLANG_WARN_BOOL_CONVERSION = YES;
				CLANG_WARN_COMMA = YES;
				CLANG_WARN_CONSTANT_CONVERSION = YES;
				CLANG_WARN_DEPRECATED_OBJC_IMPLEMENTATIONS = YES;
				CLANG_WARN_DIRECT_OBJC_ISA_USAGE = YES_ERROR;
				CLANG_WARN_DOCUMENTATION_COMMENTS = YES;
				CLANG_WARN_EMPTY_BODY = YES;
				CLANG_WARN_ENUM_CONVERSION = YES;
				CLANG_WARN_INFINITE_RECURSION = YES;
				CLANG_WARN_INT_CONVERSION = YES;
				CLANG_WARN_NON_LITERAL_NULL_CONVERSION = YES;
				CLANG_WARN_OBJC_IMPLICIT_RETAIN_SELF = YES;
				CLANG_WARN_OBJC_LITERAL_CONVERSION = YES;
				CLANG_WARN_OBJC_ROOT_CLASS = YES_ERROR;
				CLANG_WARN_QUOTED_INCLUDE_IN_FRAMEWORK_HEADER = YES;
				CLANG_WARN_RANGE_LOOP_ANALYSIS = YES;
				CLANG_WARN_STRICT_PROTOTYPES = YES;
				CLANG_WARN_SUSPICIOUS_MOVE = YES;
				CLANG_WARN_UNGUARDED_AVAILABILITY = YES_AGGRESSIVE;
				CLANG_WARN_UNREACHABLE_CODE = YES;
				CLANG_WARN__DUPLICATE_METHOD_MATCH = YES;
				COPY_PHASE_STRIP = NO;
				DEBUG_INFORMATION_FORMAT = dwarf;
				ENABLE_STRICT_OBJC_MSGSEND = YES;
				ENABLE_TESTABILITY = YES;
				GCC_C_LANGUAGE_STANDARD = gnu11;
				GCC_DYNAMIC_NO_PIC = NO;
				GCC_NO_COMMON_BLOCKS = YES;
				GCC_OPTIMIZATION_LEVEL = 0;
				GCC_PREPROCESSOR_DEFINITIONS = (
					"DEBUG=1",
					"$(inherited)",
				);
				GCC_WARN_64_TO_32_BIT_CONVERSION = YES;
				GCC_WARN_ABOUT_RETURN_TYPE = YES_ERROR;
				GCC_WARN_UNDECLARED_SELECTOR = YES;
				GCC_WARN_UNINITIALIZED_AUTOS = YES_AGGRESSIVE;
				GCC_WARN_UNUSED_FUNCTION = YES;
				GCC_WARN_UNUSED_VARIABLE = YES;
				IPHONEOS_DEPLOYMENT_TARGET = 16.4;
				MTL_ENABLE_DEBUG_INFO = INCLUDE_SOURCE;
				MTL_FAST_MATH = YES;
				ONLY_ACTIVE_ARCH = YES;
				SDKROOT = iphoneos;
				SWIFT_ACTIVE_COMPILATION_CONDITIONS = DEBUG;
				SWIFT_OPTIMIZATION_LEVEL = "-Onone";
			};
			name = Debug;
		};
		EB4492592A5FEC6F001B01CB /* Release */ = {
			isa = XCBuildConfiguration;
			buildSettings = {
				ALWAYS_SEARCH_USER_PATHS = NO;
				CLANG_ANALYZER_NONNULL = YES;
				CLANG_ANALYZER_NUMBER_OBJECT_CONVERSION = YES_AGGRESSIVE;
				CLANG_CXX_LANGUAGE_STANDARD = "gnu++20";
				CLANG_ENABLE_MODULES = YES;
				CLANG_ENABLE_OBJC_ARC = YES;
				CLANG_ENABLE_OBJC_WEAK = YES;
				CLANG_WARN_BLOCK_CAPTURE_AUTORELEASING = YES;
				CLANG_WARN_BOOL_CONVERSION = YES;
				CLANG_WARN_COMMA = YES;
				CLANG_WARN_CONSTANT_CONVERSION = YES;
				CLANG_WARN_DEPRECATED_OBJC_IMPLEMENTATIONS = YES;
				CLANG_WARN_DIRECT_OBJC_ISA_USAGE = YES_ERROR;
				CLANG_WARN_DOCUMENTATION_COMMENTS = YES;
				CLANG_WARN_EMPTY_BODY = YES;
				CLANG_WARN_ENUM_CONVERSION = YES;
				CLANG_WARN_INFINITE_RECURSION = YES;
				CLANG_WARN_INT_CONVERSION = YES;
				CLANG_WARN_NON_LITERAL_NULL_CONVERSION = YES;
				CLANG_WARN_OBJC_IMPLICIT_RETAIN_SELF = YES;
				CLANG_WARN_OBJC_LITERAL_CONVERSION = YES;
				CLANG_WARN_OBJC_ROOT_CLASS = YES_ERROR;
				CLANG_WARN_QUOTED_INCLUDE_IN_FRAMEWORK_HEADER = YES;
				CLANG_WARN_RANGE_LOOP_ANALYSIS = YES;
				CLANG_WARN_STRICT_PROTOTYPES = YES;
				CLANG_WARN_SUSPICIOUS_MOVE = YES;
				CLANG_WARN_UNGUARDED_AVAILABILITY = YES_AGGRESSIVE;
				CLANG_WARN_UNREACHABLE_CODE = YES;
				CLANG_WARN__DUPLICATE_METHOD_MATCH = YES;
				COPY_PHASE_STRIP = NO;
				DEBUG_INFORMATION_FORMAT = "dwarf-with-dsym";
				ENABLE_NS_ASSERTIONS = NO;
				ENABLE_STRICT_OBJC_MSGSEND = YES;
				GCC_C_LANGUAGE_STANDARD = gnu11;
				GCC_NO_COMMON_BLOCKS = YES;
				GCC_WARN_64_TO_32_BIT_CONVERSION = YES;
				GCC_WARN_ABOUT_RETURN_TYPE = YES_ERROR;
				GCC_WARN_UNDECLARED_SELECTOR = YES;
				GCC_WARN_UNINITIALIZED_AUTOS = YES_AGGRESSIVE;
				GCC_WARN_UNUSED_FUNCTION = YES;
				GCC_WARN_UNUSED_VARIABLE = YES;
				IPHONEOS_DEPLOYMENT_TARGET = 16.4;
				MTL_ENABLE_DEBUG_INFO = NO;
				MTL_FAST_MATH = YES;
				SDKROOT = iphoneos;
				SWIFT_COMPILATION_MODE = wholemodule;
				SWIFT_OPTIMIZATION_LEVEL = "-O";
				VALIDATE_PRODUCT = YES;
			};
			name = Release;
		};
		EB44925B2A5FEC6F001B01CB /* Debug */ = {
			isa = XCBuildConfiguration;
			baseConfigurationReference = BEC7A932A93663927A5FE0F7 /* Pods-UIContextMenuInteractionPractice.debug.xcconfig */;
			buildSettings = {
				ASSETCATALOG_COMPILER_APPICON_NAME = AppIcon;
				ASSETCATALOG_COMPILER_GLOBAL_ACCENT_COLOR_NAME = AccentColor;
				CODE_SIGN_STYLE = Automatic;
				CURRENT_PROJECT_VERSION = 1;
				GENERATE_INFOPLIST_FILE = YES;
				INFOPLIST_FILE = UIContextMenuInteractionPractice/Info.plist;
				INFOPLIST_KEY_UIApplicationSupportsIndirectInputEvents = YES;
				INFOPLIST_KEY_UILaunchStoryboardName = LaunchScreen;
				INFOPLIST_KEY_UISupportedInterfaceOrientations_iPad = "UIInterfaceOrientationLandscapeLeft UIInterfaceOrientationLandscapeRight UIInterfaceOrientationPortrait UIInterfaceOrientationPortraitUpsideDown";
				IPHONEOS_DEPLOYMENT_TARGET = 15.0;
				LD_RUNPATH_SEARCH_PATHS = (
					"$(inherited)",
					"@executable_path/Frameworks",
				);
				MARKETING_VERSION = 1.0;
				PRODUCT_BUNDLE_IDENTIFIER = com.Insu.UIContextMenuInteractionPractice;
				PRODUCT_NAME = "$(TARGET_NAME)";
				SUPPORTED_PLATFORMS = "iphoneos iphonesimulator";
				SUPPORTS_MACCATALYST = NO;
				SUPPORTS_MAC_DESIGNED_FOR_IPHONE_IPAD = NO;
				SWIFT_EMIT_LOC_STRINGS = YES;
				SWIFT_VERSION = 5.0;
				TARGETED_DEVICE_FAMILY = 1;
			};
			name = Debug;
		};
		EB44925C2A5FEC6F001B01CB /* Release */ = {
			isa = XCBuildConfiguration;
			baseConfigurationReference = A5B034D061EE5A426800A561 /* Pods-UIContextMenuInteractionPractice.release.xcconfig */;
			buildSettings = {
				ASSETCATALOG_COMPILER_APPICON_NAME = AppIcon;
				ASSETCATALOG_COMPILER_GLOBAL_ACCENT_COLOR_NAME = AccentColor;
				CODE_SIGN_STYLE = Automatic;
				CURRENT_PROJECT_VERSION = 1;
				GENERATE_INFOPLIST_FILE = YES;
				INFOPLIST_FILE = UIContextMenuInteractionPractice/Info.plist;
				INFOPLIST_KEY_UIApplicationSupportsIndirectInputEvents = YES;
				INFOPLIST_KEY_UILaunchStoryboardName = LaunchScreen;
				INFOPLIST_KEY_UISupportedInterfaceOrientations_iPad = "UIInterfaceOrientationLandscapeLeft UIInterfaceOrientationLandscapeRight UIInterfaceOrientationPortrait UIInterfaceOrientationPortraitUpsideDown";
				IPHONEOS_DEPLOYMENT_TARGET = 15.0;
				LD_RUNPATH_SEARCH_PATHS = (
					"$(inherited)",
					"@executable_path/Frameworks",
				);
				MARKETING_VERSION = 1.0;
				PRODUCT_BUNDLE_IDENTIFIER = com.Insu.UIContextMenuInteractionPractice;
				PRODUCT_NAME = "$(TARGET_NAME)";
				SUPPORTED_PLATFORMS = "iphoneos iphonesimulator";
				SUPPORTS_MACCATALYST = NO;
				SUPPORTS_MAC_DESIGNED_FOR_IPHONE_IPAD = NO;
				SWIFT_EMIT_LOC_STRINGS = YES;
				SWIFT_VERSION = 5.0;
				TARGETED_DEVICE_FAMILY = 1;
			};
			name = Release;
		};
/* End XCBuildConfiguration section */

/* Begin XCConfigurationList section */
		EB4492412A5FEC6E001B01CB /* Build configuration list for PBXProject "UIContextMenuInteractionPractice" */ = {
			isa = XCConfigurationList;
			buildConfigurations = (
				EB4492582A5FEC6F001B01CB /* Debug */,
				EB4492592A5FEC6F001B01CB /* Release */,
			);
			defaultConfigurationIsVisible = 0;
			defaultConfigurationName = Release;
		};
		EB44925A2A5FEC6F001B01CB /* Build configuration list for PBXNativeTarget "UIContextMenuInteractionPractice" */ = {
			isa = XCConfigurationList;
			buildConfigurations = (
				EB44925B2A5FEC6F001B01CB /* Debug */,
				EB44925C2A5FEC6F001B01CB /* Release */,
			);
			defaultConfigurationIsVisible = 0;
			defaultConfigurationName = Release;
		};
/* End XCConfigurationList section */
	};
	rootObject = EB44923E2A5FEC6E001B01CB /* Project object */;
}
